
Microsoft Visual Studio Solution File, Format Version 12.00
Project("{FAE04EC0-301F-11D3-BF4B-00C04F79EFBC}") = "SerbleAi", "SerbleAi.csproj", "{81A2A6FD-F55C-4EF8-A7E6-0E5123D4D1AA}"
EndProject
Global
	GlobalSection(SolutionConfigurationPlatforms) = preSolution
		Debug|Any CPU = Debug|Any CPU
		Release|Any CPU = Release|Any CPU
	EndGlobalSection
	GlobalSection(ProjectConfigurationPlatforms) = postSolution
		{81A2A6FD-F55C-4EF8-A7E6-0E5123D4D1AA}.Debug|Any CPU.ActiveCfg = Debug|Any CPU
		{81A2A6FD-F55C-4EF8-A7E6-0E5123D4D1AA}.Debug|Any CPU.Build.0 = Debug|Any CPU
		{81A2A6FD-F55C-4EF8-A7E6-0E5123D4D1AA}.Release|Any CPU.ActiveCfg = Release|Any CPU
		{81A2A6FD-F55C-4EF8-A7E6-0E5123D4D1AA}.Release|Any CPU.Build.0 = Release|Any CPU
	EndGlobalSection
EndGlobal
